
Microsoft Visual Studio Solution File, Format Version 12.00
# Visual Studio Version 17
VisualStudioVersion = 17.0.32014.148
MinimumVisualStudioVersion = 10.0.40219.1
Project("{9A19103F-16F7-4668-BE54-9A1E7A4F7556}") = "Infrastructure", "Infrastructure\Infrastructure.csproj", "{376591EB-D65A-4CFD-9784-9D03B4503A6C}"
EndProject
Project("{9A19103F-16F7-4668-BE54-9A1E7A4F7556}") = "PatikaOdev3.DataAccess", "PatikaOdev3.DataAccess\PatikaOdev3.DataAccess.csproj", "{51D16A3B-A162-4EF4-B22E-4CCC2A90F622}"
EndProject
Project("{9A19103F-16F7-4668-BE54-9A1E7A4F7556}") = "PatikaOdev3.Model", "PatikaOdev3.Model\PatikaOdev3.Model.csproj", "{7AA18B60-F94B-413F-B9AD-E5218C317D63}"
EndProject
Project("{FAE04EC0-301F-11D3-BF4B-00C04F79EFBC}") = "PatikaOdev3.Business", "PatikaOdev3.Business\PatikaOdev3.Business.csproj", "{27225ACE-AD82-4064-B348-97120323DC49}"
EndProject
Project("{FAE04EC0-301F-11D3-BF4B-00C04F79EFBC}") = "PatikaOdev3.WebApi", "PatikaOdev3.WebApi\PatikaOdev3.WebApi.csproj", "{CE87F23D-DF06-4CC7-91BD-5972D90FFB5D}"
EndProject
Global
	GlobalSection(SolutionConfigurationPlatforms) = preSolution
		Debug|Any CPU = Debug|Any CPU
		Release|Any CPU = Release|Any CPU
	EndGlobalSection
	GlobalSection(ProjectConfigurationPlatforms) = postSolution
		{376591EB-D65A-4CFD-9784-9D03B4503A6C}.Debug|Any CPU.ActiveCfg = Debug|Any CPU
		{376591EB-D65A-4CFD-9784-9D03B4503A6C}.Debug|Any CPU.Build.0 = Debug|Any CPU
		{376591EB-D65A-4CFD-9784-9D03B4503A6C}.Release|Any CPU.ActiveCfg = Release|Any CPU
		{376591EB-D65A-4CFD-9784-9D03B4503A6C}.Release|Any CPU.Build.0 = Release|Any CPU
		{51D16A3B-A162-4EF4-B22E-4CCC2A90F622}.Debug|Any CPU.ActiveCfg = Debug|Any CPU
		{51D16A3B-A162-4EF4-B22E-4CCC2A90F622}.Debug|Any CPU.Build.0 = Debug|Any CPU
		{51D16A3B-A162-4EF4-B22E-4CCC2A90F622}.Release|Any CPU.ActiveCfg = Release|Any CPU
		{51D16A3B-A162-4EF4-B22E-4CCC2A90F622}.Release|Any CPU.Build.0 = Release|Any CPU
		{7AA18B60-F94B-413F-B9AD-E5218C317D63}.Debug|Any CPU.ActiveCfg = Debug|Any CPU
		{7AA18B60-F94B-413F-B9AD-E5218C317D63}.Debug|Any CPU.Build.0 = Debug|Any CPU
		{7AA18B60-F94B-413F-B9AD-E5218C317D63}.Release|Any CPU.ActiveCfg = Release|Any CPU
		{7AA18B60-F94B-413F-B9AD-E5218C317D63}.Release|Any CPU.Build.0 = Release|Any CPU
		{27225ACE-AD82-4064-B348-97120323DC49}.Debug|Any CPU.ActiveCfg = Debug|Any CPU
		{27225ACE-AD82-4064-B348-97120323DC49}.Debug|Any CPU.Build.0 = Debug|Any CPU
		{27225ACE-AD82-4064-B348-97120323DC49}.Release|Any CPU.ActiveCfg = Release|Any CPU
		{27225ACE-AD82-4064-B348-97120323DC49}.Release|Any CPU.Build.0 = Release|Any CPU
		{CE87F23D-DF06-4CC7-91BD-5972D90FFB5D}.Debug|Any CPU.ActiveCfg = Debug|Any CPU
		{CE87F23D-DF06-4CC7-91BD-5972D90FFB5D}.Debug|Any CPU.Build.0 = Debug|Any CPU
		{CE87F23D-DF06-4CC7-91BD-5972D90FFB5D}.Release|Any CPU.ActiveCfg = Release|Any CPU
		{CE87F23D-DF06-4CC7-91BD-5972D90FFB5D}.Release|Any CPU.Build.0 = Release|Any CPU
	EndGlobalSection
	GlobalSection(SolutionProperties) = preSolution
		HideSolutionNode = FALSE
	EndGlobalSection
	GlobalSection(ExtensibilityGlobals) = postSolution
		SolutionGuid = {D33EE2C1-5953-4E7E-8254-817C64183323}
	EndGlobalSection
EndGlobal
